// !$*UTF8*$!
{
	archiveVersion = 1;
	classes = {
	};
	objectVersion = 56;
	objects = {

/* Begin PBXBuildFile section */
		BFE1ADF62BC9C410005E0F21 /* MyselfInSixWordsApp.swift in Sources */ = {isa = PBXBuildFile; fileRef = BFE1ADF52BC9C410005E0F21 /* MyselfInSixWordsApp.swift */; };
		BFE1ADF82BC9C410005E0F21 /* ContentView.swift in Sources */ = {isa = PBXBuildFile; fileRef = BFE1ADF72BC9C410005E0F21 /* ContentView.swift */; };
		BFE1ADFA2BC9C412005E0F21 /* Assets.xcassets in Resources */ = {isa = PBXBuildFile; fileRef = BFE1ADF92BC9C412005E0F21 /* Assets.xcassets */; };
		BFE1ADFD2BC9C412005E0F21 /* Preview Assets.xcassets in Resources */ = {isa = PBXBuildFile; fileRef = BFE1ADFC2BC9C412005E0F21 /* Preview Assets.xcassets */; };
		BFE1AE072BC9C412005E0F21 /* MyselfInSixWordsTests.swift in Sources */ = {isa = PBXBuildFile; fileRef = BFE1AE062BC9C412005E0F21 /* MyselfInSixWordsTests.swift */; };
		BFE1AE112BC9C412005E0F21 /* MyselfInSixWordsUITests.swift in Sources */ = {isa = PBXBuildFile; fileRef = BFE1AE102BC9C412005E0F21 /* MyselfInSixWordsUITests.swift */; };
		BFE1AE132BC9C412005E0F21 /* MyselfInSixWordsUITestsLaunchTests.swift in Sources */ = {isa = PBXBuildFile; fileRef = BFE1AE122BC9C412005E0F21 /* MyselfInSixWordsUITestsLaunchTests.swift */; };
/* End PBXBuildFile section */

/* Begin PBXContainerItemProxy section */
		BFE1AE032BC9C412005E0F21 /* PBXContainerItemProxy */ = {
			isa = PBXContainerItemProxy;
			containerPortal = BFE1ADEA2BC9C410005E0F21 /* Project object */;
			proxyType = 1;
			remoteGlobalIDString = BFE1ADF12BC9C410005E0F21;
			remoteInfo = MyselfInSixWords;
		};
		BFE1AE0D2BC9C412005E0F21 /* PBXContainerItemProxy */ = {
			isa = PBXContainerItemProxy;
			containerPortal = BFE1ADEA2BC9C410005E0F21 /* Project object */;
			proxyType = 1;
			remoteGlobalIDString = BFE1ADF12BC9C410005E0F21;
			remoteInfo = MyselfInSixWords;
		};
/* End PBXContainerItemProxy section */

/* Begin PBXFileReference section */
		BFE1ADF22BC9C410005E0F21 /* MyselfInSixWords.app */ = {isa = PBXFileReference; explicitFileType = wrapper.application; includeInIndex = 0; path = MyselfInSixWords.app; sourceTree = BUILT_PRODUCTS_DIR; };
		BFE1ADF52BC9C410005E0F21 /* MyselfInSixWordsApp.swift */ = {isa = PBXFileReference; lastKnownFileType = sourcecode.swift; path = MyselfInSixWordsApp.swift; sourceTree = "<group>"; };
		BFE1ADF72BC9C410005E0F21 /* ContentView.swift */ = {isa = PBXFileReference; lastKnownFileType = sourcecode.swift; path = ContentView.swift; sourceTree = "<group>"; };
		BFE1ADF92BC9C412005E0F21 /* Assets.xcassets */ = {isa = PBXFileReference; lastKnownFileType = folder.assetcatalog; path = Assets.xcassets; sourceTree = "<group>"; };
		BFE1ADFC2BC9C412005E0F21 /* Preview Assets.xcassets */ = {isa = PBXFileReference; lastKnownFileType = folder.assetcatalog; path = "Preview Assets.xcassets"; sourceTree = "<group>"; };
		BFE1AE022BC9C412005E0F21 /* MyselfInSixWordsTests.xctest */ = {isa = PBXFileReference; explicitFileType = wrapper.cfbundle; includeInIndex = 0; path = MyselfInSixWordsTests.xctest; sourceTree = BUILT_PRODUCTS_DIR; };
		BFE1AE062BC9C412005E0F21 /* MyselfInSixWordsTests.swift */ = {isa = PBXFileReference; lastKnownFileType = sourcecode.swift; path = MyselfInSixWordsTests.swift; sourceTree = "<group>"; };
		BFE1AE0C2BC9C412005E0F21 /* MyselfInSixWordsUITests.xctest */ = {isa = PBXFileReference; explicitFileType = wrapper.cfbundle; includeInIndex = 0; path = MyselfInSixWordsUITests.xctest; sourceTree = BUILT_PRODUCTS_DIR; };
		BFE1AE102BC9C412005E0F21 /* MyselfInSixWordsUITests.swift */ = {isa = PBXFileReference; lastKnownFileType = sourcecode.swift; path = MyselfInSixWordsUITests.swift; sourceTree = "<group>"; };
		BFE1AE122BC9C412005E0F21 /* MyselfInSixWordsUITestsLaunchTests.swift */ = {isa = PBXFileReference; lastKnownFileType = sourcecode.swift; path = MyselfInSixWordsUITestsLaunchTests.swift; sourceTree = "<group>"; };
/* End PBXFileReference section */

/* Begin PBXFrameworksBuildPhase section */
		BFE1ADEF2BC9C410005E0F21 /* Frameworks */ = {
			isa = PBXFrameworksBuildPhase;
			buildActionMask = 2147483647;
			files = (
			);
			runOnlyForDeploymentPostprocessing = 0;
		};
		BFE1ADFF2BC9C412005E0F21 /* Frameworks */ = {
			isa = PBXFrameworksBuildPhase;
			buildActionMask = 2147483647;
			files = (
			);
			runOnlyForDeploymentPostprocessing = 0;
		};
		BFE1AE092BC9C412005E0F21 /* Frameworks */ = {
			isa = PBXFrameworksBuildPhase;
			buildActionMask = 2147483647;
			files = (
			);
			runOnlyForDeploymentPostprocessing = 0;
		};
/* End PBXFrameworksBuildPhase section */

/* Begin PBXGroup section */
		BFE1ADE92BC9C410005E0F21 = {
			isa = PBXGroup;
			children = (
				BFE1ADF42BC9C410005E0F21 /* MyselfInSixWords */,
				BFE1AE052BC9C412005E0F21 /* MyselfInSixWordsTests */,
				BFE1AE0F2BC9C412005E0F21 /* MyselfInSixWordsUITests */,
				BFE1ADF32BC9C410005E0F21 /* Products */,
			);
			sourceTree = "<group>";
		};
		BFE1ADF32BC9C410005E0F21 /* Products */ = {
			isa = PBXGroup;
			children = (
				BFE1ADF22BC9C410005E0F21 /* MyselfInSixWords.app */,
				BFE1AE022BC9C412005E0F21 /* MyselfInSixWordsTests.xctest */,
				BFE1AE0C2BC9C412005E0F21 /* MyselfInSixWordsUITests.xctest */,
			);
			name = Products;
			sourceTree = "<group>";
		};
		BFE1ADF42BC9C410005E0F21 /* MyselfInSixWords */ = {
			isa = PBXGroup;
			children = (
				BFE1ADF52BC9C410005E0F21 /* MyselfInSixWordsApp.swift */,
				BFE1ADF72BC9C410005E0F21 /* ContentView.swift */,
				BFE1ADF92BC9C412005E0F21 /* Assets.xcassets */,
				BFE1ADFB2BC9C412005E0F21 /* Preview Content */,
			);
			path = MyselfInSixWords;
			sourceTree = "<group>";
		};
		BFE1ADFB2BC9C412005E0F21 /* Preview Content */ = {
			isa = PBXGroup;
			children = (
				BFE1ADFC2BC9C412005E0F21 /* Preview Assets.xcassets */,
			);
			path = "Preview Content";
			sourceTree = "<group>";
		};
		BFE1AE052BC9C412005E0F21 /* MyselfInSixWordsTests */ = {
			isa = PBXGroup;
			children = (
				BFE1AE062BC9C412005E0F21 /* MyselfInSixWordsTests.swift */,
			);
			path = MyselfInSixWordsTests;
			sourceTree = "<group>";
		};
		BFE1AE0F2BC9C412005E0F21 /* MyselfInSixWordsUITests */ = {
			isa = PBXGroup;
			children = (
				BFE1AE102BC9C412005E0F21 /* MyselfInSixWordsUITests.swift */,
				BFE1AE122BC9C412005E0F21 /* MyselfInSixWordsUITestsLaunchTests.swift */,
			);
			path = MyselfInSixWordsUITests;
			sourceTree = "<group>";
		};
/* End PBXGroup section */

/* Begin PBXNativeTarget section */
		BFE1ADF12BC9C410005E0F21 /* MyselfInSixWords */ = {
			isa = PBXNativeTarget;
			buildConfigurationList = BFE1AE162BC9C412005E0F21 /* Build configuration list for PBXNativeTarget "MyselfInSixWords" */;
			buildPhases = (
				BFE1ADEE2BC9C410005E0F21 /* Sources */,
				BFE1ADEF2BC9C410005E0F21 /* Frameworks */,
				BFE1ADF02BC9C410005E0F21 /* Resources */,
			);
			buildRules = (
			);
			dependencies = (
			);
			name = MyselfInSixWords;
			productName = MyselfInSixWords;
			productReference = BFE1ADF22BC9C410005E0F21 /* MyselfInSixWords.app */;
			productType = "com.apple.product-type.application";
		};
		BFE1AE012BC9C412005E0F21 /* MyselfInSixWordsTests */ = {
			isa = PBXNativeTarget;
			buildConfigurationList = BFE1AE192BC9C412005E0F21 /* Build configuration list for PBXNativeTarget "MyselfInSixWordsTests" */;
			buildPhases = (
				BFE1ADFE2BC9C412005E0F21 /* Sources */,
				BFE1ADFF2BC9C412005E0F21 /* Frameworks */,
				BFE1AE002BC9C412005E0F21 /* Resources */,
			);
			buildRules = (
			);
			dependencies = (
				BFE1AE042BC9C412005E0F21 /* PBXTargetDependency */,
			);
			name = MyselfInSixWordsTests;
			productName = MyselfInSixWordsTests;
			productReference = BFE1AE022BC9C412005E0F21 /* MyselfInSixWordsTests.xctest */;
			productType = "com.apple.product-type.bundle.unit-test";
		};
		BFE1AE0B2BC9C412005E0F21 /* MyselfInSixWordsUITests */ = {
			isa = PBXNativeTarget;
			buildConfigurationList = BFE1AE1C2BC9C412005E0F21 /* Build configuration list for PBXNativeTarget "MyselfInSixWordsUITests" */;
			buildPhases = (
				BFE1AE082BC9C412005E0F21 /* Sources */,
				BFE1AE092BC9C412005E0F21 /* Frameworks */,
				BFE1AE0A2BC9C412005E0F21 /* Resources */,
			);
			buildRules = (
			);
			dependencies = (
				BFE1AE0E2BC9C412005E0F21 /* PBXTargetDependency */,
			);
			name = MyselfInSixWordsUITests;
			productName = MyselfInSixWordsUITests;
			productReference = BFE1AE0C2BC9C412005E0F21 /* MyselfInSixWordsUITests.xctest */;
			productType = "com.apple.product-type.bundle.ui-testing";
		};
/* End PBXNativeTarget section */

/* Begin PBXProject section */
		BFE1ADEA2BC9C410005E0F21 /* Project object */ = {
			isa = PBXProject;
			attributes = {
				BuildIndependentTargetsInParallel = 1;
				LastSwiftUpdateCheck = 1530;
				LastUpgradeCheck = 1530;
				TargetAttributes = {
					BFE1ADF12BC9C410005E0F21 = {
						CreatedOnToolsVersion = 15.3;
					};
					BFE1AE012BC9C412005E0F21 = {
						CreatedOnToolsVersion = 15.3;
						TestTargetID = BFE1ADF12BC9C410005E0F21;
					};
					BFE1AE0B2BC9C412005E0F21 = {
						CreatedOnToolsVersion = 15.3;
						TestTargetID = BFE1ADF12BC9C410005E0F21;
					};
				};
			};
			buildConfigurationList = BFE1ADED2BC9C410005E0F21 /* Build configuration list for PBXProject "MyselfInSixWords" */;
			compatibilityVersion = "Xcode 14.0";
			developmentRegion = en;
			hasScannedForEncodings = 0;
			knownRegions = (
				en,
				Base,
			);
			mainGroup = BFE1ADE92BC9C410005E0F21;
			productRefGroup = BFE1ADF32BC9C410005E0F21 /* Products */;
			projectDirPath = "";
			projectRoot = "";
			targets = (
				BFE1ADF12BC9C410005E0F21 /* MyselfInSixWords */,
				BFE1AE012BC9C412005E0F21 /* MyselfInSixWordsTests */,
				BFE1AE0B2BC9C412005E0F21 /* MyselfInSixWordsUITests */,
			);
		};
/* End PBXProject section */

/* Begin PBXResourcesBuildPhase section */
		BFE1ADF02BC9C410005E0F21 /* Resources */ = {
			isa = PBXResourcesBuildPhase;
			buildActionMask = 2147483647;
			files = (
				BFE1ADFD2BC9C412005E0F21 /* Preview Assets.xcassets in Resources */,
				BFE1ADFA2BC9C412005E0F21 /* Assets.xcassets in Resources */,
			);
			runOnlyForDeploymentPostprocessing = 0;
		};
		BFE1AE002BC9C412005E0F21 /* Resources */ = {
			isa = PBXResourcesBuildPhase;
			buildActionMask = 2147483647;
			files = (
			);
			runOnlyForDeploymentPostprocessing = 0;
		};
		BFE1AE0A2BC9C412005E0F21 /* Resources */ = {
			isa = PBXResourcesBuildPhase;
			buildActionMask = 2147483647;
			files = (
			);
			runOnlyForDeploymentPostprocessing = 0;
		};
/* End PBXResourcesBuildPhase section */

/* Begin PBXSourcesBuildPhase section */
		BFE1ADEE2BC9C410005E0F21 /* Sources */ = {
			isa = PBXSourcesBuildPhase;
			buildActionMask = 2147483647;
			files = (
				BFE1ADF82BC9C410005E0F21 /* ContentView.swift in Sources */,
				BFE1ADF62BC9C410005E0F21 /* MyselfInSixWordsApp.swift in Sources */,
			);
			runOnlyForDeploymentPostprocessing = 0;
		};
		BFE1ADFE2BC9C412005E0F21 /* Sources */ = {
			isa = PBXSourcesBuildPhase;
			buildActionMask = 2147483647;
			files = (
				BFE1AE072BC9C412005E0F21 /* MyselfInSixWordsTests.swift in Sources */,
			);
			runOnlyForDeploymentPostprocessing = 0;
		};
		BFE1AE082BC9C412005E0F21 /* Sources */ = {
			isa = PBXSourcesBuildPhase;
			buildActionMask = 2147483647;
			files = (
				BFE1AE132BC9C412005E0F21 /* MyselfInSixWordsUITestsLaunchTests.swift in Sources */,
				BFE1AE112BC9C412005E0F21 /* MyselfInSixWordsUITests.swift in Sources */,
			);
			runOnlyForDeploymentPostprocessing = 0;
		};
/* End PBXSourcesBuildPhase section */

/* Begin PBXTargetDependency section */
		BFE1AE042BC9C412005E0F21 /* PBXTargetDependency */ = {
			isa = PBXTargetDependency;
			target = BFE1ADF12BC9C410005E0F21 /* MyselfInSixWords */;
			targetProxy = BFE1AE032BC9C412005E0F21 /* PBXContainerItemProxy */;
		};
		BFE1AE0E2BC9C412005E0F21 /* PBXTargetDependency */ = {
			isa = PBXTargetDependency;
			target = BFE1ADF12BC9C410005E0F21 /* MyselfInSixWords */;
			targetProxy = BFE1AE0D2BC9C412005E0F21 /* PBXContainerItemProxy */;
		};
/* End PBXTargetDependency section */

/* Begin XCBuildConfiguration section */
		BFE1AE142BC9C412005E0F21 /* Debug */ = {
			isa = XCBuildConfiguration;
			buildSettings = {
				ALWAYS_SEARCH_USER_PATHS = NO;
				ASSETCATALOG_COMPILER_GENERATE_SWIFT_ASSET_SYMBOL_EXTENSIONS = YES;
				CLANG_ANALYZER_NONNULL = YES;
				CLANG_ANALYZER_NUMBER_OBJECT_CONVERSION = YES_AGGRESSIVE;
				CLANG_CXX_LANGUAGE_STANDARD = "gnu++20";
				CLANG_ENABLE_MODULES = YES;
				CLANG_ENABLE_OBJC_ARC = YES;
				CLANG_ENABLE_OBJC_WEAK = YES;
				CLANG_WARN_BLOCK_CAPTURE_AUTORELEASING = YES;
				CLANG_WARN_BOOL_CONVERSION = YES;
				CLANG_WARN_COMMA = YES;
				CLANG_WARN_CONSTANT_CONVERSION = YES;
				CLANG_WARN_DEPRECATED_OBJC_IMPLEMENTATIONS = YES;
				CLANG_WARN_DIRECT_OBJC_ISA_USAGE = YES_ERROR;
				CLANG_WARN_DOCUMENTATION_COMMENTS = YES;
				CLANG_WARN_EMPTY_BODY = YES;
				CLANG_WARN_ENUM_CONVERSION = YES;
				CLANG_WARN_INFINITE_RECURSION = YES;
				CLANG_WARN_INT_CONVERSION = YES;
				CLANG_WARN_NON_LITERAL_NULL_CONVERSION = YES;
				CLANG_WARN_OBJC_IMPLICIT_RETAIN_SELF = YES;
				CLANG_WARN_OBJC_LITERAL_CONVERSION = YES;
				CLANG_WARN_OBJC_ROOT_CLASS = YES_ERROR;
				CLANG_WARN_QUOTED_INCLUDE_IN_FRAMEWORK_HEADER = YES;
				CLANG_WARN_RANGE_LOOP_ANALYSIS = YES;
				CLANG_WARN_STRICT_PROTOTYPES = YES;
				CLANG_WARN_SUSPICIOUS_MOVE = YES;
				CLANG_WARN_UNGUARDED_AVAILABILITY = YES_AGGRESSIVE;
				CLANG_WARN_UNREACHABLE_CODE = YES;
				CLANG_WARN__DUPLICATE_METHOD_MATCH = YES;
				COPY_PHASE_STRIP = NO;
				DEBUG_INFORMATION_FORMAT = dwarf;
				ENABLE_STRICT_OBJC_MSGSEND = YES;
				ENABLE_TESTABILITY = YES;
				ENABLE_USER_SCRIPT_SANDBOXING = YES;
				GCC_C_LANGUAGE_STANDARD = gnu17;
				GCC_DYNAMIC_NO_PIC = NO;
				GCC_NO_COMMON_BLOCKS = YES;
				GCC_OPTIMIZATION_LEVEL = 0;
				GCC_PREPROCESSOR_DEFINITIONS = (
					"DEBUG=1",
					"$(inherited)",
				);
				GCC_WARN_64_TO_32_BIT_CONVERSION = YES;
				GCC_WARN_ABOUT_RETURN_TYPE = YES_ERROR;
				GCC_WARN_UNDECLARED_SELECTOR = YES;
				GCC_WARN_UNINITIALIZED_AUTOS = YES_AGGRESSIVE;
				GCC_WARN_UNUSED_FUNCTION = YES;
				GCC_WARN_UNUSED_VARIABLE = YES;
				IPHONEOS_DEPLOYMENT_TARGET = 17.4;
				LOCALIZATION_PREFERS_STRING_CATALOGS = YES;
				MTL_ENABLE_DEBUG_INFO = INCLUDE_SOURCE;
				MTL_FAST_MATH = YES;
				ONLY_ACTIVE_ARCH = YES;
				SDKROOT = iphoneos;
				SWIFT_ACTIVE_COMPILATION_CONDITIONS = "DEBUG $(inherited)";
				SWIFT_OPTIMIZATION_LEVEL = "-Onone";
			};
			name = Debug;
		};
		BFE1AE152BC9C412005E0F21 /* Release */ = {
			isa = XCBuildConfiguration;
			buildSettings = {
				ALWAYS_SEARCH_USER_PATHS = NO;
				ASSETCATALOG_COMPILER_GENERATE_SWIFT_ASSET_SYMBOL_EXTENSIONS = YES;
				CLANG_ANALYZER_NONNULL = YES;
				CLANG_ANALYZER_NUMBER_OBJECT_CONVERSION = YES_AGGRESSIVE;
				CLANG_CXX_LANGUAGE_STANDARD = "gnu++20";
				CLANG_ENABLE_MODULES = YES;
				CLANG_ENABLE_OBJC_ARC = YES;
				CLANG_ENABLE_OBJC_WEAK = YES;
				CLANG_WARN_BLOCK_CAPTURE_AUTORELEASING = YES;
				CLANG_WARN_BOOL_CONVERSION = YES;
				CLANG_WARN_COMMA = YES;
				CLANG_WARN_CONSTANT_CONVERSION = YES;
				CLANG_WARN_DEPRECATED_OBJC_IMPLEMENTATIONS = YES;
				CLANG_WARN_DIRECT_OBJC_ISA_USAGE = YES_ERROR;
				CLANG_WARN_DOCUMENTATION_COMMENTS = YES;
				CLANG_WARN_EMPTY_BODY = YES;
				CLANG_WARN_ENUM_CONVERSION = YES;
				CLANG_WARN_INFINITE_RECURSION = YES;
				CLANG_WARN_INT_CONVERSION = YES;
				CLANG_WARN_NON_LITERAL_NULL_CONVERSION = YES;
				CLANG_WARN_OBJC_IMPLICIT_RETAIN_SELF = YES;
				CLANG_WARN_OBJC_LITERAL_CONVERSION = YES;
				CLANG_WARN_OBJC_ROOT_CLASS = YES_ERROR;
				CLANG_WARN_QUOTED_INCLUDE_IN_FRAMEWORK_HEADER = YES;
				CLANG_WARN_RANGE_LOOP_ANALYSIS = YES;
				CLANG_WARN_STRICT_PROTOTYPES = YES;
				CLANG_WARN_SUSPICIOUS_MOVE = YES;
				CLANG_WARN_UNGUARDED_AVAILABILITY = YES_AGGRESSIVE;
				CLANG_WARN_UNREACHABLE_CODE = YES;
				CLANG_WARN__DUPLICATE_METHOD_MATCH = YES;
				COPY_PHASE_STRIP = NO;
				DEBUG_INFORMATION_FORMAT = "dwarf-with-dsym";
				ENABLE_NS_ASSERTIONS = NO;
				ENABLE_STRICT_OBJC_MSGSEND = YES;
				ENABLE_USER_SCRIPT_SANDBOXING = YES;
				GCC_C_LANGUAGE_STANDARD = gnu17;
				GCC_NO_COMMON_BLOCKS = YES;
				GCC_WARN_64_TO_32_BIT_CONVERSION = YES;
				GCC_WARN_ABOUT_RETURN_TYPE = YES_ERROR;
				GCC_WARN_UNDECLARED_SELECTOR = YES;
				GCC_WARN_UNINITIALIZED_AUTOS = YES_AGGRESSIVE;
				GCC_WARN_UNUSED_FUNCTION = YES;
				GCC_WARN_UNUSED_VARIABLE = YES;
				IPHONEOS_DEPLOYMENT_TARGET = 17.4;
				LOCALIZATION_PREFERS_STRING_CATALOGS = YES;
				MTL_ENABLE_DEBUG_INFO = NO;
				MTL_FAST_MATH = YES;
				SDKROOT = iphoneos;
				SWIFT_COMPILATION_MODE = wholemodule;
				VALIDATE_PRODUCT = YES;
			};
			name = Release;
		};
		BFE1AE172BC9C412005E0F21 /* Debug */ = {
			isa = XCBuildConfiguration;
			buildSettings = {
				ASSETCATALOG_COMPILER_APPICON_NAME = AppIcon;
				ASSETCATALOG_COMPILER_GLOBAL_ACCENT_COLOR_NAME = AccentColor;
				CODE_SIGN_STYLE = Automatic;
				CURRENT_PROJECT_VERSION = 1;
				DEVELOPMENT_ASSET_PATHS = "\"MyselfInSixWords/Preview Content\"";
				DEVELOPMENT_TEAM = LUQ8FR5384;
				ENABLE_PREVIEWS = YES;
				GENERATE_INFOPLIST_FILE = YES;
				INFOPLIST_KEY_UIApplicationSceneManifest_Generation = YES;
				INFOPLIST_KEY_UIApplicationSupportsIndirectInputEvents = YES;
				INFOPLIST_KEY_UILaunchScreen_Generation = YES;
				INFOPLIST_KEY_UISupportedInterfaceOrientations_iPad = "UIInterfaceOrientationPortrait UIInterfaceOrientationPortraitUpsideDown UIInterfaceOrientationLandscapeLeft UIInterfaceOrientationLandscapeRight";
				INFOPLIST_KEY_UISupportedInterfaceOrientations_iPhone = "UIInterfaceOrientationPortrait UIInterfaceOrientationLandscapeLeft UIInterfaceOrientationLandscapeRight";
				LD_RUNPATH_SEARCH_PATHS = (
					"$(inherited)",
					"@executable_path/Frameworks",
				);
				MARKETING_VERSION = 1.0;
				PRODUCT_BUNDLE_IDENTIFIER = name.altusrossouw.MyselfInSixWords;
				PRODUCT_NAME = "$(TARGET_NAME)";
				SWIFT_EMIT_LOC_STRINGS = YES;
				SWIFT_VERSION = 5.0;
				TARGETED_DEVICE_FAMILY = "1,2";
			};
			name = Debug;
		};
		BFE1AE182BC9C412005E0F21 /* Release */ = {
			isa = XCBuildConfiguration;
			buildSettings = {
				ASSETCATALOG_COMPILER_APPICON_NAME = AppIcon;
				ASSETCATALOG_COMPILER_GLOBAL_ACCENT_COLOR_NAME = AccentColor;
				CODE_SIGN_STYLE = Automatic;
				CURRENT_PROJECT_VERSION = 1;
				DEVELOPMENT_ASSET_PATHS = "\"MyselfInSixWords/Preview Content\"";
				DEVELOPMENT_TEAM = LUQ8FR5384;
				ENABLE_PREVIEWS = YES;
				GENERATE_INFOPLIST_FILE = YES;
				INFOPLIST_KEY_UIApplicationSceneManifest_Generation = YES;
				INFOPLIST_KEY_UIApplicationSupportsIndirectInputEvents = YES;
				INFOPLIST_KEY_UILaunchScreen_Generation = YES;
				INFOPLIST_KEY_UISupportedInterfaceOrientations_iPad = "UIInterfaceOrientationPortrait UIInterfaceOrientationPortraitUpsideDown UIInterfaceOrientationLandscapeLeft UIInterfaceOrientationLandscapeRight";
				INFOPLIST_KEY_UISupportedInterfaceOrientations_iPhone = "UIInterfaceOrientationPortrait UIInterfaceOrientationLandscapeLeft UIInterfaceOrientationLandscapeRight";
				LD_RUNPATH_SEARCH_PATHS = (
					"$(inherited)",
					"@executable_path/Frameworks",
				);
				MARKETING_VERSION = 1.0;
				PRODUCT_BUNDLE_IDENTIFIER = name.altusrossouw.MyselfInSixWords;
				PRODUCT_NAME = "$(TARGET_NAME)";
				SWIFT_EMIT_LOC_STRINGS = YES;
				SWIFT_VERSION = 5.0;
				TARGETED_DEVICE_FAMILY = "1,2";
			};
			name = Release;
		};
		BFE1AE1A2BC9C412005E0F21 /* Debug */ = {
			isa = XCBuildConfiguration;
			buildSettings = {
				ALWAYS_EMBED_SWIFT_STANDARD_LIBRARIES = YES;
				BUNDLE_LOADER = "$(TEST_HOST)";
				CODE_SIGN_STYLE = Automatic;
				CURRENT_PROJECT_VERSION = 1;
				DEVELOPMENT_TEAM = LUQ8FR5384;
				GENERATE_INFOPLIST_FILE = YES;
				IPHONEOS_DEPLOYMENT_TARGET = 17.4;
				MARKETING_VERSION = 1.0;
				PRODUCT_BUNDLE_IDENTIFIER = name.altusrossouw.MyselfInSixWordsTests;
				PRODUCT_NAME = "$(TARGET_NAME)";
				SWIFT_EMIT_LOC_STRINGS = NO;
				SWIFT_VERSION = 5.0;
				TARGETED_DEVICE_FAMILY = "1,2";
				TEST_HOST = "$(BUILT_PRODUCTS_DIR)/MyselfInSixWords.app/$(BUNDLE_EXECUTABLE_FOLDER_PATH)/MyselfInSixWords";
			};
			name = Debug;
		};
		BFE1AE1B2BC9C412005E0F21 /* Release */ = {
			isa = XCBuildConfiguration;
			buildSettings = {
				ALWAYS_EMBED_SWIFT_STANDARD_LIBRARIES = YES;
				BUNDLE_LOADER = "$(TEST_HOST)";
				CODE_SIGN_STYLE = Automatic;
				CURRENT_PROJECT_VERSION = 1;
				DEVELOPMENT_TEAM = LUQ8FR5384;
				GENERATE_INFOPLIST_FILE = YES;
				IPHONEOS_DEPLOYMENT_TARGET = 17.4;
				MARKETING_VERSION = 1.0;
				PRODUCT_BUNDLE_IDENTIFIER = name.altusrossouw.MyselfInSixWordsTests;
				PRODUCT_NAME = "$(TARGET_NAME)";
				SWIFT_EMIT_LOC_STRINGS = NO;
				SWIFT_VERSION = 5.0;
				TARGETED_DEVICE_FAMILY = "1,2";
				TEST_HOST = "$(BUILT_PRODUCTS_DIR)/MyselfInSixWords.app/$(BUNDLE_EXECUTABLE_FOLDER_PATH)/MyselfInSixWords";
			};
			name = Release;
		};
		BFE1AE1D2BC9C412005E0F21 /* Debug */ = {
			isa = XCBuildConfiguration;
			buildSettings = {
				ALWAYS_EMBED_SWIFT_STANDARD_LIBRARIES = YES;
				CODE_SIGN_STYLE = Automatic;
				CURRENT_PROJECT_VERSION = 1;
				DEVELOPMENT_TEAM = LUQ8FR5384;
				GENERATE_INFOPLIST_FILE = YES;
				MARKETING_VERSION = 1.0;
				PRODUCT_BUNDLE_IDENTIFIER = name.altusrossouw.MyselfInSixWordsUITests;
				PRODUCT_NAME = "$(TARGET_NAME)";
				SWIFT_EMIT_LOC_STRINGS = NO;
				SWIFT_VERSION = 5.0;
				TARGETED_DEVICE_FAMILY = "1,2";
				TEST_TARGET_NAME = MyselfInSixWords;
			};
			name = Debug;
		};
		BFE1AE1E2BC9C412005E0F21 /* Release */ = {
			isa = XCBuildConfiguration;
			buildSettings = {
				ALWAYS_EMBED_SWIFT_STANDARD_LIBRARIES = YES;
				CODE_SIGN_STYLE = Automatic;
				CURRENT_PROJECT_VERSION = 1;
				DEVELOPMENT_TEAM = LUQ8FR5384;
				GENERATE_INFOPLIST_FILE = YES;
				MARKETING_VERSION = 1.0;
				PRODUCT_BUNDLE_IDENTIFIER = name.altusrossouw.MyselfInSixWordsUITests;
				PRODUCT_NAME = "$(TARGET_NAME)";
				SWIFT_EMIT_LOC_STRINGS = NO;
				SWIFT_VERSION = 5.0;
				TARGETED_DEVICE_FAMILY = "1,2";
				TEST_TARGET_NAME = MyselfInSixWords;
			};
			name = Release;
		};
/* End XCBuildConfiguration section */

/* Begin XCConfigurationList section */
		BFE1ADED2BC9C410005E0F21 /* Build configuration list for PBXProject "MyselfInSixWords" */ = {
			isa = XCConfigurationList;
			buildConfigurations = (
				BFE1AE142BC9C412005E0F21 /* Debug */,
				BFE1AE152BC9C412005E0F21 /* Release */,
			);
			defaultConfigurationIsVisible = 0;
			defaultConfigurationName = Release;
		};
		BFE1AE162BC9C412005E0F21 /* Build configuration list for PBXNativeTarget "MyselfInSixWords" */ = {
			isa = XCConfigurationList;
			buildConfigurations = (
				BFE1AE172BC9C412005E0F21 /* Debug */,
				BFE1AE182BC9C412005E0F21 /* Release */,
			);
			defaultConfigurationIsVisible = 0;
			defaultConfigurationName = Release;
		};
		BFE1AE192BC9C412005E0F21 /* Build configuration list for PBXNativeTarget "MyselfInSixWordsTests" */ = {
			isa = XCConfigurationList;
			buildConfigurations = (
				BFE1AE1A2BC9C412005E0F21 /* Debug */,
				BFE1AE1B2BC9C412005E0F21 /* Release */,
			);
			defaultConfigurationIsVisible = 0;
			defaultConfigurationName = Release;
		};
		BFE1AE1C2BC9C412005E0F21 /* Build configuration list for PBXNativeTarget "MyselfInSixWordsUITests" */ = {
			isa = XCConfigurationList;
			buildConfigurations = (
				BFE1AE1D2BC9C412005E0F21 /* Debug */,
				BFE1AE1E2BC9C412005E0F21 /* Release */,
			);
			defaultConfigurationIsVisible = 0;
			defaultConfigurationName = Release;
		};
/* End XCConfigurationList section */
	};
	rootObject = BFE1ADEA2BC9C410005E0F21 /* Project object */;
}
